
Microsoft Visual Studio Solution File, Format Version 12.00
# Visual Studio Version 17
VisualStudioVersion = 17.13.35828.75 d17.13
MinimumVisualStudioVersion = 10.0.40219.1
Project("{FAE04EC0-301F-11D3-BF4B-00C04F79EFBC}") = "design_patterns_3", "design_patterns_3\design_patterns_3.csproj", "{AD154A27-DACB-473C-99F5-CA7202E5561D}"
EndProject
Global
	GlobalSection(SolutionConfigurationPlatforms) = preSolution
		Debug|Any CPU = Debug|Any CPU
		Release|Any CPU = Release|Any CPU
	EndGlobalSection
	GlobalSection(ProjectConfigurationPlatforms) = postSolution
		{AD154A27-DACB-473C-99F5-CA7202E5561D}.Debug|Any CPU.ActiveCfg = Debug|Any CPU
		{AD154A27-DACB-473C-99F5-CA7202E5561D}.Debug|Any CPU.Build.0 = Debug|Any CPU
		{AD154A27-DACB-473C-99F5-CA7202E5561D}.Release|Any CPU.ActiveCfg = Release|Any CPU
		{AD154A27-DACB-473C-99F5-CA7202E5561D}.Release|Any CPU.Build.0 = Release|Any CPU
	EndGlobalSection
	GlobalSection(SolutionProperties) = preSolution
		HideSolutionNode = FALSE
	EndGlobalSection
	GlobalSection(ExtensibilityGlobals) = postSolution
		SolutionGuid = {BD17EA5A-3F21-4367-81F9-B51E6B8F4FDF}
	EndGlobalSection
EndGlobal
